// !$*UTF8*$!
{
	archiveVersion = 1;
	classes = {
	};
	objectVersion = 55;
	objects = {

/* Begin PBXBuildFile section */
		3E622CEE28803971006A921C /* AppDelegate.swift in Sources */ = {isa = PBXBuildFile; fileRef = 3E622CED28803971006A921C /* AppDelegate.swift */; };
		3E622CF028803971006A921C /* SceneDelegate.swift in Sources */ = {isa = PBXBuildFile; fileRef = 3E622CEF28803971006A921C /* SceneDelegate.swift */; };
		3E622CF228803971006A921C /* ViewController.swift in Sources */ = {isa = PBXBuildFile; fileRef = 3E622CF128803971006A921C /* ViewController.swift */; };
		3E622CF528803971006A921C /* Main.storyboard in Resources */ = {isa = PBXBuildFile; fileRef = 3E622CF328803971006A921C /* Main.storyboard */; };
		3E622CF728803972006A921C /* Assets.xcassets in Resources */ = {isa = PBXBuildFile; fileRef = 3E622CF628803972006A921C /* Assets.xcassets */; };
		3E622CFA28803972006A921C /* LaunchScreen.storyboard in Resources */ = {isa = PBXBuildFile; fileRef = 3E622CF828803972006A921C /* LaunchScreen.storyboard */; };
		E6278AD928843F8E00DC0CB0 /* ProfileModalViewController.swift in Sources */ = {isa = PBXBuildFile; fileRef = E6278AD828843F8E00DC0CB0 /* ProfileModalViewController.swift */; };
		E6278ADD2884412D00DC0CB0 /* ProfileModalCell.swift in Sources */ = {isa = PBXBuildFile; fileRef = E6278ADC2884412D00DC0CB0 /* ProfileModalCell.swift */; };
/* End PBXBuildFile section */

/* Begin PBXFileReference section */
		3E622CEA28803971006A921C /* AMaDda.app */ = {isa = PBXFileReference; explicitFileType = wrapper.application; includeInIndex = 0; path = AMaDda.app; sourceTree = BUILT_PRODUCTS_DIR; };
		3E622CED28803971006A921C /* AppDelegate.swift */ = {isa = PBXFileReference; lastKnownFileType = sourcecode.swift; path = AppDelegate.swift; sourceTree = "<group>"; };
		3E622CEF28803971006A921C /* SceneDelegate.swift */ = {isa = PBXFileReference; lastKnownFileType = sourcecode.swift; path = SceneDelegate.swift; sourceTree = "<group>"; };
		3E622CF128803971006A921C /* ViewController.swift */ = {isa = PBXFileReference; lastKnownFileType = sourcecode.swift; path = ViewController.swift; sourceTree = "<group>"; };
		3E622CF428803971006A921C /* Base */ = {isa = PBXFileReference; lastKnownFileType = file.storyboard; name = Base; path = Base.lproj/Main.storyboard; sourceTree = "<group>"; };
		3E622CF628803972006A921C /* Assets.xcassets */ = {isa = PBXFileReference; lastKnownFileType = folder.assetcatalog; path = Assets.xcassets; sourceTree = "<group>"; };
		3E622CF928803972006A921C /* Base */ = {isa = PBXFileReference; lastKnownFileType = file.storyboard; name = Base; path = Base.lproj/LaunchScreen.storyboard; sourceTree = "<group>"; };
		3E622CFB28803972006A921C /* Info.plist */ = {isa = PBXFileReference; lastKnownFileType = text.plist.xml; path = Info.plist; sourceTree = "<group>"; };
		E6278AD828843F8E00DC0CB0 /* ProfileModalViewController.swift */ = {isa = PBXFileReference; lastKnownFileType = sourcecode.swift; path = ProfileModalViewController.swift; sourceTree = "<group>"; };
		E6278ADC2884412D00DC0CB0 /* ProfileModalCell.swift */ = {isa = PBXFileReference; lastKnownFileType = sourcecode.swift; path = ProfileModalCell.swift; sourceTree = "<group>"; };
/* End PBXFileReference section */

/* Begin PBXFrameworksBuildPhase section */
		3E622CE728803971006A921C /* Frameworks */ = {
			isa = PBXFrameworksBuildPhase;
			buildActionMask = 2147483647;
			files = (
			);
			runOnlyForDeploymentPostprocessing = 0;
		};
/* End PBXFrameworksBuildPhase section */

/* Begin PBXGroup section */
		3E622CE128803971006A921C = {
			isa = PBXGroup;
			children = (
				3E622CEC28803971006A921C /* AMaDda */,
				3E622CEB28803971006A921C /* Products */,
			);
			sourceTree = "<group>";
		};
		3E622CEB28803971006A921C /* Products */ = {
			isa = PBXGroup;
			children = (
				3E622CEA28803971006A921C /* AMaDda.app */,
			);
			name = Products;
			sourceTree = "<group>";
		};
		3E622CEC28803971006A921C /* AMaDda */ = {
			isa = PBXGroup;
			children = (
				3E622D0128803BBD006A921C /* Screens */,
				3E622D0228803BE7006A921C /* Global */,
				3E622CF828803972006A921C /* LaunchScreen.storyboard */,
			);
			path = AMaDda;
			sourceTree = "<group>";
		};
		3E622D0128803BBD006A921C /* Screens */ = {
			isa = PBXGroup;
			children = (
				E6278AD728843ECB00DC0CB0 /* ProfileModal */,
				3E622D0928803C44006A921C /* Main */,
			);
			path = Screens;
			sourceTree = "<group>";
		};
		3E622D0228803BE7006A921C /* Global */ = {
			isa = PBXGroup;
			children = (
				3E622D0328803BED006A921C /* Literal */,
				3E622D0428803BF3006A921C /* Supports */,
				3E622D0528803BFA006A921C /* Extension */,
				3E622D0628803C02006A921C /* UIComponent */,
				3E622D0728803C17006A921C /* Resource */,
			);
			path = Global;
			sourceTree = "<group>";
		};
		3E622D0328803BED006A921C /* Literal */ = {
			isa = PBXGroup;
			children = (
			);
			path = Literal;
			sourceTree = "<group>";
		};
		3E622D0428803BF3006A921C /* Supports */ = {
			isa = PBXGroup;
			children = (
				3E622CFB28803972006A921C /* Info.plist */,
				3E622CED28803971006A921C /* AppDelegate.swift */,
				3E622CEF28803971006A921C /* SceneDelegate.swift */,
			);
			path = Supports;
			sourceTree = "<group>";
		};
		3E622D0528803BFA006A921C /* Extension */ = {
			isa = PBXGroup;
			children = (
			);
			path = Extension;
			sourceTree = "<group>";
		};
		3E622D0628803C02006A921C /* UIComponent */ = {
			isa = PBXGroup;
			children = (
			);
			path = UIComponent;
			sourceTree = "<group>";
		};
		3E622D0728803C17006A921C /* Resource */ = {
			isa = PBXGroup;
			children = (
				3E622D0A28803C60006A921C /* Fonts */,
				3E622D0B28803C65006A921C /* Storyboards */,
				3E622CF628803972006A921C /* Assets.xcassets */,
			);
			path = Resource;
			sourceTree = "<group>";
		};
		3E622D0928803C44006A921C /* Main */ = {
			isa = PBXGroup;
			children = (
				3E622CF128803971006A921C /* ViewController.swift */,
			);
			path = Main;
			sourceTree = "<group>";
		};
		3E622D0A28803C60006A921C /* Fonts */ = {
			isa = PBXGroup;
			children = (
			);
			path = Fonts;
			sourceTree = "<group>";
		};
		3E622D0B28803C65006A921C /* Storyboards */ = {
			isa = PBXGroup;
			children = (
				3E622CF328803971006A921C /* Main.storyboard */,
			);
			path = Storyboards;
			sourceTree = "<group>";
		};
		E6278AD728843ECB00DC0CB0 /* ProfileModal */ = {
			isa = PBXGroup;
			children = (
				E6278ADB288440F200DC0CB0 /* Views */,
				E6278ADA288440E900DC0CB0 /* Controllers */,
			);
			path = ProfileModal;
			sourceTree = "<group>";
		};
		E6278ADA288440E900DC0CB0 /* Controllers */ = {
			isa = PBXGroup;
			children = (
				E6278AD828843F8E00DC0CB0 /* ProfileModalViewController.swift */,
			);
			path = Controllers;
			sourceTree = "<group>";
		};
		E6278ADB288440F200DC0CB0 /* Views */ = {
			isa = PBXGroup;
			children = (
				E6278ADC2884412D00DC0CB0 /* ProfileModalCell.swift */,
			);
			path = Views;
			sourceTree = "<group>";
		};
/* End PBXGroup section */

/* Begin PBXNativeTarget section */
		3E622CE928803971006A921C /* AMaDda */ = {
			isa = PBXNativeTarget;
			buildConfigurationList = 3E622CFE28803972006A921C /* Build configuration list for PBXNativeTarget "AMaDda" */;
			buildPhases = (
				3E622CE628803971006A921C /* Sources */,
				3E622CE728803971006A921C /* Frameworks */,
				3E622CE828803971006A921C /* Resources */,
			);
			buildRules = (
			);
			dependencies = (
			);
			name = AMaDda;
			productName = AMaDda;
			productReference = 3E622CEA28803971006A921C /* AMaDda.app */;
			productType = "com.apple.product-type.application";
		};
/* End PBXNativeTarget section */

/* Begin PBXProject section */
		3E622CE228803971006A921C /* Project object */ = {
			isa = PBXProject;
			attributes = {
				BuildIndependentTargetsInParallel = 1;
				LastSwiftUpdateCheck = 1340;
				LastUpgradeCheck = 1340;
				TargetAttributes = {
					3E622CE928803971006A921C = {
						CreatedOnToolsVersion = 13.4.1;
					};
				};
			};
			buildConfigurationList = 3E622CE528803971006A921C /* Build configuration list for PBXProject "AMaDda" */;
			compatibilityVersion = "Xcode 13.0";
			developmentRegion = en;
			hasScannedForEncodings = 0;
			knownRegions = (
				en,
				Base,
			);
			mainGroup = 3E622CE128803971006A921C;
			productRefGroup = 3E622CEB28803971006A921C /* Products */;
			projectDirPath = "";
			projectRoot = "";
			targets = (
				3E622CE928803971006A921C /* AMaDda */,
			);
		};
/* End PBXProject section */

/* Begin PBXResourcesBuildPhase section */
		3E622CE828803971006A921C /* Resources */ = {
			isa = PBXResourcesBuildPhase;
			buildActionMask = 2147483647;
			files = (
				3E622CFA28803972006A921C /* LaunchScreen.storyboard in Resources */,
				3E622CF728803972006A921C /* Assets.xcassets in Resources */,
				3E622CF528803971006A921C /* Main.storyboard in Resources */,
			);
			runOnlyForDeploymentPostprocessing = 0;
		};
/* End PBXResourcesBuildPhase section */

/* Begin PBXSourcesBuildPhase section */
		3E622CE628803971006A921C /* Sources */ = {
			isa = PBXSourcesBuildPhase;
			buildActionMask = 2147483647;
			files = (
				E6278AD928843F8E00DC0CB0 /* ProfileModalViewController.swift in Sources */,
				3E622CF228803971006A921C /* ViewController.swift in Sources */,
				E6278ADD2884412D00DC0CB0 /* ProfileModalCell.swift in Sources */,
				3E622CEE28803971006A921C /* AppDelegate.swift in Sources */,
				3E622CF028803971006A921C /* SceneDelegate.swift in Sources */,
			);
			runOnlyForDeploymentPostprocessing = 0;
		};
/* End PBXSourcesBuildPhase section */

/* Begin PBXVariantGroup section */
		3E622CF328803971006A921C /* Main.storyboard */ = {
			isa = PBXVariantGroup;
			children = (
				3E622CF428803971006A921C /* Base */,
			);
			name = Main.storyboard;
			sourceTree = "<group>";
		};
		3E622CF828803972006A921C /* LaunchScreen.storyboard */ = {
			isa = PBXVariantGroup;
			children = (
				3E622CF928803972006A921C /* Base */,
			);
			name = LaunchScreen.storyboard;
			sourceTree = "<group>";
		};
/* End PBXVariantGroup section */

/* Begin XCBuildConfiguration section */
		3E622CFC28803972006A921C /* Debug */ = {
			isa = XCBuildConfiguration;
			buildSettings = {
				ALWAYS_SEARCH_USER_PATHS = NO;
				CLANG_ANALYZER_NONNULL = YES;
				CLANG_ANALYZER_NUMBER_OBJECT_CONVERSION = YES_AGGRESSIVE;
				CLANG_CXX_LANGUAGE_STANDARD = "gnu++17";
				CLANG_ENABLE_MODULES = YES;
				CLANG_ENABLE_OBJC_ARC = YES;
				CLANG_ENABLE_OBJC_WEAK = YES;
				CLANG_WARN_BLOCK_CAPTURE_AUTORELEASING = YES;
				CLANG_WARN_BOOL_CONVERSION = YES;
				CLANG_WARN_COMMA = YES;
				CLANG_WARN_CONSTANT_CONVERSION = YES;
				CLANG_WARN_DEPRECATED_OBJC_IMPLEMENTATIONS = YES;
				CLANG_WARN_DIRECT_OBJC_ISA_USAGE = YES_ERROR;
				CLANG_WARN_DOCUMENTATION_COMMENTS = YES;
				CLANG_WARN_EMPTY_BODY = YES;
				CLANG_WARN_ENUM_CONVERSION = YES;
				CLANG_WARN_INFINITE_RECURSION = YES;
				CLANG_WARN_INT_CONVERSION = YES;
				CLANG_WARN_NON_LITERAL_NULL_CONVERSION = YES;
				CLANG_WARN_OBJC_IMPLICIT_RETAIN_SELF = YES;
				CLANG_WARN_OBJC_LITERAL_CONVERSION = YES;
				CLANG_WARN_OBJC_ROOT_CLASS = YES_ERROR;
				CLANG_WARN_QUOTED_INCLUDE_IN_FRAMEWORK_HEADER = YES;
				CLANG_WARN_RANGE_LOOP_ANALYSIS = YES;
				CLANG_WARN_STRICT_PROTOTYPES = YES;
				CLANG_WARN_SUSPICIOUS_MOVE = YES;
				CLANG_WARN_UNGUARDED_AVAILABILITY = YES_AGGRESSIVE;
				CLANG_WARN_UNREACHABLE_CODE = YES;
				CLANG_WARN__DUPLICATE_METHOD_MATCH = YES;
				COPY_PHASE_STRIP = NO;
				DEBUG_INFORMATION_FORMAT = dwarf;
				ENABLE_STRICT_OBJC_MSGSEND = YES;
				ENABLE_TESTABILITY = YES;
				GCC_C_LANGUAGE_STANDARD = gnu11;
				GCC_DYNAMIC_NO_PIC = NO;
				GCC_NO_COMMON_BLOCKS = YES;
				GCC_OPTIMIZATION_LEVEL = 0;
				GCC_PREPROCESSOR_DEFINITIONS = (
					"DEBUG=1",
					"$(inherited)",
				);
				GCC_WARN_64_TO_32_BIT_CONVERSION = YES;
				GCC_WARN_ABOUT_RETURN_TYPE = YES_ERROR;
				GCC_WARN_UNDECLARED_SELECTOR = YES;
				GCC_WARN_UNINITIALIZED_AUTOS = YES_AGGRESSIVE;
				GCC_WARN_UNUSED_FUNCTION = YES;
				GCC_WARN_UNUSED_VARIABLE = YES;
				IPHONEOS_DEPLOYMENT_TARGET = 15.2;
				MTL_ENABLE_DEBUG_INFO = INCLUDE_SOURCE;
				MTL_FAST_MATH = YES;
				ONLY_ACTIVE_ARCH = YES;
				SDKROOT = iphoneos;
				SWIFT_ACTIVE_COMPILATION_CONDITIONS = DEBUG;
				SWIFT_OPTIMIZATION_LEVEL = "-Onone";
			};
			name = Debug;
		};
		3E622CFD28803972006A921C /* Release */ = {
			isa = XCBuildConfiguration;
			buildSettings = {
				ALWAYS_SEARCH_USER_PATHS = NO;
				CLANG_ANALYZER_NONNULL = YES;
				CLANG_ANALYZER_NUMBER_OBJECT_CONVERSION = YES_AGGRESSIVE;
				CLANG_CXX_LANGUAGE_STANDARD = "gnu++17";
				CLANG_ENABLE_MODULES = YES;
				CLANG_ENABLE_OBJC_ARC = YES;
				CLANG_ENABLE_OBJC_WEAK = YES;
				CLANG_WARN_BLOCK_CAPTURE_AUTORELEASING = YES;
				CLANG_WARN_BOOL_CONVERSION = YES;
				CLANG_WARN_COMMA = YES;
				CLANG_WARN_CONSTANT_CONVERSION = YES;
				CLANG_WARN_DEPRECATED_OBJC_IMPLEMENTATIONS = YES;
				CLANG_WARN_DIRECT_OBJC_ISA_USAGE = YES_ERROR;
				CLANG_WARN_DOCUMENTATION_COMMENTS = YES;
				CLANG_WARN_EMPTY_BODY = YES;
				CLANG_WARN_ENUM_CONVERSION = YES;
				CLANG_WARN_INFINITE_RECURSION = YES;
				CLANG_WARN_INT_CONVERSION = YES;
				CLANG_WARN_NON_LITERAL_NULL_CONVERSION = YES;
				CLANG_WARN_OBJC_IMPLICIT_RETAIN_SELF = YES;
				CLANG_WARN_OBJC_LITERAL_CONVERSION = YES;
				CLANG_WARN_OBJC_ROOT_CLASS = YES_ERROR;
				CLANG_WARN_QUOTED_INCLUDE_IN_FRAMEWORK_HEADER = YES;
				CLANG_WARN_RANGE_LOOP_ANALYSIS = YES;
				CLANG_WARN_STRICT_PROTOTYPES = YES;
				CLANG_WARN_SUSPICIOUS_MOVE = YES;
				CLANG_WARN_UNGUARDED_AVAILABILITY = YES_AGGRESSIVE;
				CLANG_WARN_UNREACHABLE_CODE = YES;
				CLANG_WARN__DUPLICATE_METHOD_MATCH = YES;
				COPY_PHASE_STRIP = NO;
				DEBUG_INFORMATION_FORMAT = "dwarf-with-dsym";
				ENABLE_NS_ASSERTIONS = NO;
				ENABLE_STRICT_OBJC_MSGSEND = YES;
				GCC_C_LANGUAGE_STANDARD = gnu11;
				GCC_NO_COMMON_BLOCKS = YES;
				GCC_WARN_64_TO_32_BIT_CONVERSION = YES;
				GCC_WARN_ABOUT_RETURN_TYPE = YES_ERROR;
				GCC_WARN_UNDECLARED_SELECTOR = YES;
				GCC_WARN_UNINITIALIZED_AUTOS = YES_AGGRESSIVE;
				GCC_WARN_UNUSED_FUNCTION = YES;
				GCC_WARN_UNUSED_VARIABLE = YES;
				IPHONEOS_DEPLOYMENT_TARGET = 15.2;
				MTL_ENABLE_DEBUG_INFO = NO;
				MTL_FAST_MATH = YES;
				SDKROOT = iphoneos;
				SWIFT_COMPILATION_MODE = wholemodule;
				SWIFT_OPTIMIZATION_LEVEL = "-O";
				VALIDATE_PRODUCT = YES;
			};
			name = Release;
		};
		3E622CFF28803972006A921C /* Debug */ = {
			isa = XCBuildConfiguration;
			buildSettings = {
				ASSETCATALOG_COMPILER_APPICON_NAME = AppIcon;
				ASSETCATALOG_COMPILER_GLOBAL_ACCENT_COLOR_NAME = AccentColor;
				CODE_SIGN_STYLE = Automatic;
				CURRENT_PROJECT_VERSION = 1;
				DEVELOPMENT_TEAM = S9G6YGQ76H;
				GENERATE_INFOPLIST_FILE = YES;
				INFOPLIST_FILE = AMaDda/Global/Supports/info.plist;
				INFOPLIST_KEY_UIApplicationSupportsIndirectInputEvents = YES;
				INFOPLIST_KEY_UILaunchStoryboardName = LaunchScreen;
				INFOPLIST_KEY_UIMainStoryboardFile = Main;
				INFOPLIST_KEY_UISupportedInterfaceOrientations_iPad = "UIInterfaceOrientationPortrait UIInterfaceOrientationPortraitUpsideDown UIInterfaceOrientationLandscapeLeft UIInterfaceOrientationLandscapeRight";
				INFOPLIST_KEY_UISupportedInterfaceOrientations_iPhone = "UIInterfaceOrientationPortrait UIInterfaceOrientationLandscapeLeft UIInterfaceOrientationLandscapeRight";
				LD_RUNPATH_SEARCH_PATHS = (
					"$(inherited)",
					"@executable_path/Frameworks",
				);
				MARKETING_VERSION = 1.0;
				PRODUCT_BUNDLE_IDENTIFIER = "com-id.AMaDda";
				PRODUCT_NAME = "$(TARGET_NAME)";
				SWIFT_EMIT_LOC_STRINGS = YES;
				SWIFT_VERSION = 5.0;
				TARGETED_DEVICE_FAMILY = "1,2";
			};
			name = Debug;
		};
		3E622D0028803972006A921C /* Release */ = {
			isa = XCBuildConfiguration;
			buildSettings = {
				ASSETCATALOG_COMPILER_APPICON_NAME = AppIcon;
				ASSETCATALOG_COMPILER_GLOBAL_ACCENT_COLOR_NAME = AccentColor;
				CODE_SIGN_STYLE = Automatic;
				CURRENT_PROJECT_VERSION = 1;
				DEVELOPMENT_TEAM = S9G6YGQ76H;
				GENERATE_INFOPLIST_FILE = YES;
				INFOPLIST_FILE = AMaDda/Global/Supports/info.plist;
				INFOPLIST_KEY_UIApplicationSupportsIndirectInputEvents = YES;
				INFOPLIST_KEY_UILaunchStoryboardName = LaunchScreen;
				INFOPLIST_KEY_UIMainStoryboardFile = Main;
				INFOPLIST_KEY_UISupportedInterfaceOrientations_iPad = "UIInterfaceOrientationPortrait UIInterfaceOrientationPortraitUpsideDown UIInterfaceOrientationLandscapeLeft UIInterfaceOrientationLandscapeRight";
				INFOPLIST_KEY_UISupportedInterfaceOrientations_iPhone = "UIInterfaceOrientationPortrait UIInterfaceOrientationLandscapeLeft UIInterfaceOrientationLandscapeRight";
				LD_RUNPATH_SEARCH_PATHS = (
					"$(inherited)",
					"@executable_path/Frameworks",
				);
				MARKETING_VERSION = 1.0;
				PRODUCT_BUNDLE_IDENTIFIER = "com-id.AMaDda";
				PRODUCT_NAME = "$(TARGET_NAME)";
				SWIFT_EMIT_LOC_STRINGS = YES;
				SWIFT_VERSION = 5.0;
				TARGETED_DEVICE_FAMILY = "1,2";
			};
			name = Release;
		};
/* End XCBuildConfiguration section */

/* Begin XCConfigurationList section */
		3E622CE528803971006A921C /* Build configuration list for PBXProject "AMaDda" */ = {
			isa = XCConfigurationList;
			buildConfigurations = (
				3E622CFC28803972006A921C /* Debug */,
				3E622CFD28803972006A921C /* Release */,
			);
			defaultConfigurationIsVisible = 0;
			defaultConfigurationName = Release;
		};
		3E622CFE28803972006A921C /* Build configuration list for PBXNativeTarget "AMaDda" */ = {
			isa = XCConfigurationList;
			buildConfigurations = (
				3E622CFF28803972006A921C /* Debug */,
				3E622D0028803972006A921C /* Release */,
			);
			defaultConfigurationIsVisible = 0;
			defaultConfigurationName = Release;
		};
/* End XCConfigurationList section */
	};
	rootObject = 3E622CE228803971006A921C /* Project object */;
}
