// !$*UTF8*$!
{
	archiveVersion = 1;
	classes = {
	};
	objectVersion = 55;
	objects = {

/* Begin PBXBuildFile section */
		3E15D66F2884FB8000570DD7 /* FamilyTableCell.swift in Sources */ = {isa = PBXBuildFile; fileRef = 3E15D66E2884FB8000570DD7 /* FamilyTableCell.swift */; };
		3E15D6712884FBC500570DD7 /* FamilyMemberData.swift in Sources */ = {isa = PBXBuildFile; fileRef = 3E15D6702884FBC500570DD7 /* FamilyMemberData.swift */; };
		3E15D6732884FC1F00570DD7 /* FamilyMemberMockData.swift in Sources */ = {isa = PBXBuildFile; fileRef = 3E15D6722884FC1F00570DD7 /* FamilyMemberMockData.swift */; };
		3E622CEE28803971006A921C /* AppDelegate.swift in Sources */ = {isa = PBXBuildFile; fileRef = 3E622CED28803971006A921C /* AppDelegate.swift */; };
		3E622CF028803971006A921C /* SceneDelegate.swift in Sources */ = {isa = PBXBuildFile; fileRef = 3E622CEF28803971006A921C /* SceneDelegate.swift */; };
		3E622CF528803971006A921C /* Main.storyboard in Resources */ = {isa = PBXBuildFile; fileRef = 3E622CF328803971006A921C /* Main.storyboard */; };
		3E622CF728803972006A921C /* Assets.xcassets in Resources */ = {isa = PBXBuildFile; fileRef = 3E622CF628803972006A921C /* Assets.xcassets */; };
		3E622CFA28803972006A921C /* LaunchScreen.storyboard in Resources */ = {isa = PBXBuildFile; fileRef = 3E622CF828803972006A921C /* LaunchScreen.storyboard */; };
		595E3B41288577D60036B677 /* OnboardingOneViewController.swift in Sources */ = {isa = PBXBuildFile; fileRef = 595E3B40288577D60036B677 /* OnboardingOneViewController.swift */; };
		3E98E8E5288652DF001153E4 /* NSObject+Extension.swift in Sources */ = {isa = PBXBuildFile; fileRef = 3E98E8E4288652DF001153E4 /* NSObject+Extension.swift */; };
		91FD28A82884F32700F49D20 /* MainViewController.swift in Sources */ = {isa = PBXBuildFile; fileRef = 91FD28A72884F32700F49D20 /* MainViewController.swift */; };
		91FD28AA2884F3E500F49D20 /* TodayQuestionView.swift in Sources */ = {isa = PBXBuildFile; fileRef = 91FD28A92884F3E500F49D20 /* TodayQuestionView.swift */; };
		91FD28AD2884F43A00F49D20 /* TodayQuestionMockData.swift in Sources */ = {isa = PBXBuildFile; fileRef = 91FD28AC2884F43A00F49D20 /* TodayQuestionMockData.swift */; };
		91FD28AF2884F44100F49D20 /* TodayQuestionData.swift in Sources */ = {isa = PBXBuildFile; fileRef = 91FD28AE2884F44100F49D20 /* TodayQuestionData.swift */; };
		91FD28B22884F4B800F49D20 /* Color+Extension.swift in Sources */ = {isa = PBXBuildFile; fileRef = 91FD28B12884F4B800F49D20 /* Color+Extension.swift */; };
		91FD28B52884F55C00F49D20 /* Size.swift in Sources */ = {isa = PBXBuildFile; fileRef = 91FD28B42884F55C00F49D20 /* Size.swift */; };
		91FD28B82884F70A00F49D20 /* FontsPlaceHolder.swift in Sources */ = {isa = PBXBuildFile; fileRef = 91FD28B72884F70A00F49D20 /* FontsPlaceHolder.swift */; };
		D72A1DFE28854AA10058EE12 /* AddingViewController.swift in Sources */ = {isa = PBXBuildFile; fileRef = D72A1DFD28854AA10058EE12 /* AddingViewController.swift */; };
		D72A1E0028854C9C0058EE12 /* ImageLiteral.swift in Sources */ = {isa = PBXBuildFile; fileRef = D72A1DFF28854C9C0058EE12 /* ImageLiteral.swift */; };
		D72A1E02288558990058EE12 /* UIImage+Extension.swift in Sources */ = {isa = PBXBuildFile; fileRef = D72A1E01288558990058EE12 /* UIImage+Extension.swift */; };
		D7ADBBA72883D520004BB5FE /* CommonButton.swift in Sources */ = {isa = PBXBuildFile; fileRef = D7ADBBA62883D520004BB5FE /* CommonButton.swift */; };
		E6278AD928843F8E00DC0CB0 /* ProfileModalViewController.swift in Sources */ = {isa = PBXBuildFile; fileRef = E6278AD828843F8E00DC0CB0 /* ProfileModalViewController.swift */; };
		E6278ADD2884412D00DC0CB0 /* ProfileModalCell.swift in Sources */ = {isa = PBXBuildFile; fileRef = E6278ADC2884412D00DC0CB0 /* ProfileModalCell.swift */; };
		E6DCDBDB288652CF001D4F67 /* UIViewController+Extension.swift in Sources */ = {isa = PBXBuildFile; fileRef = E6DCDBDA288652CF001D4F67 /* UIViewController+Extension.swift */; };
		E6278AE52884FCF500DC0CB0 /* UIView+Extension.swift in Sources */ = {isa = PBXBuildFile; fileRef = E6278AE42884FCF500DC0CB0 /* UIView+Extension.swift */; };
/* End PBXBuildFile section */

/* Begin PBXFileReference section */
		3E15D66E2884FB8000570DD7 /* FamilyTableCell.swift */ = {isa = PBXFileReference; lastKnownFileType = sourcecode.swift; path = FamilyTableCell.swift; sourceTree = "<group>"; };
		3E15D6702884FBC500570DD7 /* FamilyMemberData.swift */ = {isa = PBXFileReference; lastKnownFileType = sourcecode.swift; path = FamilyMemberData.swift; sourceTree = "<group>"; };
		3E15D6722884FC1F00570DD7 /* FamilyMemberMockData.swift */ = {isa = PBXFileReference; lastKnownFileType = sourcecode.swift; path = FamilyMemberMockData.swift; sourceTree = "<group>"; };
		3E622CEA28803971006A921C /* AMaDda.app */ = {isa = PBXFileReference; explicitFileType = wrapper.application; includeInIndex = 0; path = AMaDda.app; sourceTree = BUILT_PRODUCTS_DIR; };
		3E622CED28803971006A921C /* AppDelegate.swift */ = {isa = PBXFileReference; lastKnownFileType = sourcecode.swift; path = AppDelegate.swift; sourceTree = "<group>"; };
		3E622CEF28803971006A921C /* SceneDelegate.swift */ = {isa = PBXFileReference; lastKnownFileType = sourcecode.swift; path = SceneDelegate.swift; sourceTree = "<group>"; };
		3E622CF428803971006A921C /* Base */ = {isa = PBXFileReference; lastKnownFileType = file.storyboard; name = Base; path = Base.lproj/Main.storyboard; sourceTree = "<group>"; };
		3E622CF628803972006A921C /* Assets.xcassets */ = {isa = PBXFileReference; lastKnownFileType = folder.assetcatalog; path = Assets.xcassets; sourceTree = "<group>"; };
		3E622CF928803972006A921C /* Base */ = {isa = PBXFileReference; lastKnownFileType = file.storyboard; name = Base; path = Base.lproj/LaunchScreen.storyboard; sourceTree = "<group>"; };
		3E622CFB28803972006A921C /* Info.plist */ = {isa = PBXFileReference; lastKnownFileType = text.plist.xml; path = Info.plist; sourceTree = "<group>"; };
		595E3B40288577D60036B677 /* OnboardingOneViewController.swift */ = {isa = PBXFileReference; lastKnownFileType = sourcecode.swift; path = OnboardingOneViewController.swift; sourceTree = "<group>"; };
		3E98E8E4288652DF001153E4 /* NSObject+Extension.swift */ = {isa = PBXFileReference; lastKnownFileType = sourcecode.swift; path = "NSObject+Extension.swift"; sourceTree = "<group>"; };
		91FD28A72884F32700F49D20 /* MainViewController.swift */ = {isa = PBXFileReference; lastKnownFileType = sourcecode.swift; path = MainViewController.swift; sourceTree = "<group>"; };
		91FD28A92884F3E500F49D20 /* TodayQuestionView.swift */ = {isa = PBXFileReference; lastKnownFileType = sourcecode.swift; path = TodayQuestionView.swift; sourceTree = "<group>"; };
		91FD28AC2884F43A00F49D20 /* TodayQuestionMockData.swift */ = {isa = PBXFileReference; lastKnownFileType = sourcecode.swift; path = TodayQuestionMockData.swift; sourceTree = "<group>"; };
		91FD28AE2884F44100F49D20 /* TodayQuestionData.swift */ = {isa = PBXFileReference; lastKnownFileType = sourcecode.swift; path = TodayQuestionData.swift; sourceTree = "<group>"; };
		91FD28B12884F4B800F49D20 /* Color+Extension.swift */ = {isa = PBXFileReference; lastKnownFileType = sourcecode.swift; path = "Color+Extension.swift"; sourceTree = "<group>"; };
		91FD28B42884F55C00F49D20 /* Size.swift */ = {isa = PBXFileReference; lastKnownFileType = sourcecode.swift; path = Size.swift; sourceTree = "<group>"; };
		91FD28B72884F70A00F49D20 /* FontsPlaceHolder.swift */ = {isa = PBXFileReference; lastKnownFileType = sourcecode.swift; path = FontsPlaceHolder.swift; sourceTree = "<group>"; };
		D72A1DFD28854AA10058EE12 /* AddingViewController.swift */ = {isa = PBXFileReference; lastKnownFileType = sourcecode.swift; path = AddingViewController.swift; sourceTree = "<group>"; };
		D72A1DFF28854C9C0058EE12 /* ImageLiteral.swift */ = {isa = PBXFileReference; lastKnownFileType = sourcecode.swift; path = ImageLiteral.swift; sourceTree = "<group>"; };
		D72A1E01288558990058EE12 /* UIImage+Extension.swift */ = {isa = PBXFileReference; lastKnownFileType = sourcecode.swift; path = "UIImage+Extension.swift"; sourceTree = "<group>"; };
		D7ADBBA62883D520004BB5FE /* CommonButton.swift */ = {isa = PBXFileReference; lastKnownFileType = sourcecode.swift; path = CommonButton.swift; sourceTree = "<group>"; };
		E6278AD828843F8E00DC0CB0 /* ProfileModalViewController.swift */ = {isa = PBXFileReference; lastKnownFileType = sourcecode.swift; path = ProfileModalViewController.swift; sourceTree = "<group>"; };
		E6278ADC2884412D00DC0CB0 /* ProfileModalCell.swift */ = {isa = PBXFileReference; lastKnownFileType = sourcecode.swift; path = ProfileModalCell.swift; sourceTree = "<group>"; };
		E6DCDBDA288652CF001D4F67 /* UIViewController+Extension.swift */ = {isa = PBXFileReference; lastKnownFileType = sourcecode.swift; path = "UIViewController+Extension.swift"; sourceTree = "<group>"; };
		E6278AE42884FCF500DC0CB0 /* UIView+Extension.swift */ = {isa = PBXFileReference; lastKnownFileType = sourcecode.swift; path = "UIView+Extension.swift"; sourceTree = "<group>"; };
/* End PBXFileReference section */

/* Begin PBXFrameworksBuildPhase section */
		3E622CE728803971006A921C /* Frameworks */ = {
			isa = PBXFrameworksBuildPhase;
			buildActionMask = 2147483647;
			files = (
			);
			runOnlyForDeploymentPostprocessing = 0;
		};
/* End PBXFrameworksBuildPhase section */

/* Begin PBXGroup section */
		3E622CE128803971006A921C = {
			isa = PBXGroup;
			children = (
				3E622CEC28803971006A921C /* AMaDda */,
				3E622CEB28803971006A921C /* Products */,
			);
			sourceTree = "<group>";
		};
		3E622CEB28803971006A921C /* Products */ = {
			isa = PBXGroup;
			children = (
				3E622CEA28803971006A921C /* AMaDda.app */,
			);
			name = Products;
			sourceTree = "<group>";
		};
		3E622CEC28803971006A921C /* AMaDda */ = {
			isa = PBXGroup;
			children = (
				91FD28AB2884F42600F49D20 /* Model */,
				3E622D0128803BBD006A921C /* Screens */,
				3E622D0228803BE7006A921C /* Global */,
				3E622CF828803972006A921C /* LaunchScreen.storyboard */,
			);
			path = AMaDda;
			sourceTree = "<group>";
		};
		3E622D0128803BBD006A921C /* Screens */ = {
			isa = PBXGroup;
			children = (
				595E3B3E288577B30036B677 /* Onboarding */,
				E6278AD728843ECB00DC0CB0 /* ProfileModal */,
				D72A1DFC28854A960058EE12 /* Adding */,
				3E622D0928803C44006A921C /* Main */,
			);
			path = Screens;
			sourceTree = "<group>";
		};
		3E622D0228803BE7006A921C /* Global */ = {
			isa = PBXGroup;
			children = (
				91FD28B02884F47000F49D20 /* Extension */,
				91FD28B32884F51B00F49D20 /* Literal */,
				3E622D0428803BF3006A921C /* Supports */,
				D7ADBBA52883D4FE004BB5FE /* UIComponent */,
				3E622D0728803C17006A921C /* Resource */,
			);
			path = Global;
			sourceTree = "<group>";
		};
		3E622D0428803BF3006A921C /* Supports */ = {
			isa = PBXGroup;
			children = (
				3E622CFB28803972006A921C /* Info.plist */,
				3E622CED28803971006A921C /* AppDelegate.swift */,
				3E622CEF28803971006A921C /* SceneDelegate.swift */,
			);
			path = Supports;
			sourceTree = "<group>";
		};
		3E622D0728803C17006A921C /* Resource */ = {
			isa = PBXGroup;
			children = (
				91FD28B62884F6FF00F49D20 /* Fonts */,
				3E622D0B28803C65006A921C /* Storyboards */,
				3E622CF628803972006A921C /* Assets.xcassets */,
			);
			path = Resource;
			sourceTree = "<group>";
		};
		3E622D0928803C44006A921C /* Main */ = {
			isa = PBXGroup;
			children = (
				91FD28A62884F30E00F49D20 /* Views */,
				91FD28A72884F32700F49D20 /* MainViewController.swift */,
			);
			path = Main;
			sourceTree = "<group>";
		};
		3E622D0B28803C65006A921C /* Storyboards */ = {
			isa = PBXGroup;
			children = (
				3E622CF328803971006A921C /* Main.storyboard */,
			);
			path = Storyboards;
			sourceTree = "<group>";
		};
		595E3B3E288577B30036B677 /* Onboarding */ = {
			isa = PBXGroup;
			children = (
				595E3B40288577D60036B677 /* OnboardingOneViewController.swift */,
			);
			path = Onboarding;
			sourceTree = "<group>";
		};
		91FD28A62884F30E00F49D20 /* Views */ = {
			isa = PBXGroup;
			children = (
				91FD28A92884F3E500F49D20 /* TodayQuestionView.swift */,
				3E15D66E2884FB8000570DD7 /* FamilyTableCell.swift */,
			);
			path = Views;
			sourceTree = "<group>";
		};
		91FD28AB2884F42600F49D20 /* Model */ = {
			isa = PBXGroup;
			children = (
				91FD28AC2884F43A00F49D20 /* TodayQuestionMockData.swift */,
				91FD28AE2884F44100F49D20 /* TodayQuestionData.swift */,
				3E15D6702884FBC500570DD7 /* FamilyMemberData.swift */,
				3E15D6722884FC1F00570DD7 /* FamilyMemberMockData.swift */,
			);
			path = Model;
			sourceTree = "<group>";
		};
		91FD28B02884F47000F49D20 /* Extension */ = {
			isa = PBXGroup;
			children = (
				91FD28B12884F4B800F49D20 /* Color+Extension.swift */,
				E6DCDBDA288652CF001D4F67 /* UIViewController+Extension.swift */,
				D72A1E01288558990058EE12 /* UIImage+Extension.swift */,
				E6278AE42884FCF500DC0CB0 /* UIView+Extension.swift */,
				3E98E8E4288652DF001153E4 /* NSObject+Extension.swift */,
			);
			path = Extension;
			sourceTree = "<group>";
		};
		91FD28B32884F51B00F49D20 /* Literal */ = {
			isa = PBXGroup;
			children = (
				91FD28B42884F55C00F49D20 /* Size.swift */,
				D72A1DFF28854C9C0058EE12 /* ImageLiteral.swift */,
			);
			path = Literal;
			sourceTree = "<group>";
		};
		91FD28B62884F6FF00F49D20 /* Fonts */ = {
			isa = PBXGroup;
			children = (
				91FD28B72884F70A00F49D20 /* FontsPlaceHolder.swift */,
			);
			path = Fonts;
			sourceTree = "<group>";
		};
		D72A1DFC28854A960058EE12 /* Adding */ = {
			isa = PBXGroup;
			children = (
				D72A1DFD28854AA10058EE12 /* AddingViewController.swift */,
			);
			path = Adding;
			sourceTree = "<group>";
		};
		D7ADBBA52883D4FE004BB5FE /* UIComponent */ = {
			isa = PBXGroup;
			children = (
				D7ADBBA62883D520004BB5FE /* CommonButton.swift */,
			);
			path = UIComponent;
			sourceTree = "<group>";
		};
		E6278AD728843ECB00DC0CB0 /* ProfileModal */ = {
			isa = PBXGroup;
			children = (
				E6278ADB288440F200DC0CB0 /* Views */,
				E6278ADA288440E900DC0CB0 /* Controllers */,
			);
			path = ProfileModal;
			sourceTree = "<group>";
		};
		E6278ADA288440E900DC0CB0 /* Controllers */ = {
			isa = PBXGroup;
			children = (
				E6278AD828843F8E00DC0CB0 /* ProfileModalViewController.swift */,
			);
			path = Controllers;
			sourceTree = "<group>";
		};
		E6278ADB288440F200DC0CB0 /* Views */ = {
			isa = PBXGroup;
			children = (
				E6278ADC2884412D00DC0CB0 /* ProfileModalCell.swift */,
			);
			path = Views;
			sourceTree = "<group>";
		};
/* End PBXGroup section */

/* Begin PBXNativeTarget section */
		3E622CE928803971006A921C /* AMaDda */ = {
			isa = PBXNativeTarget;
			buildConfigurationList = 3E622CFE28803972006A921C /* Build configuration list for PBXNativeTarget "AMaDda" */;
			buildPhases = (
				3E622CE628803971006A921C /* Sources */,
				3E622CE728803971006A921C /* Frameworks */,
				3E622CE828803971006A921C /* Resources */,
			);
			buildRules = (
			);
			dependencies = (
			);
			name = AMaDda;
			productName = AMaDda;
			productReference = 3E622CEA28803971006A921C /* AMaDda.app */;
			productType = "com.apple.product-type.application";
		};
/* End PBXNativeTarget section */

/* Begin PBXProject section */
		3E622CE228803971006A921C /* Project object */ = {
			isa = PBXProject;
			attributes = {
				BuildIndependentTargetsInParallel = 1;
				LastSwiftUpdateCheck = 1340;
				LastUpgradeCheck = 1340;
				TargetAttributes = {
					3E622CE928803971006A921C = {
						CreatedOnToolsVersion = 13.4.1;
					};
				};
			};
			buildConfigurationList = 3E622CE528803971006A921C /* Build configuration list for PBXProject "AMaDda" */;
			compatibilityVersion = "Xcode 13.0";
			developmentRegion = en;
			hasScannedForEncodings = 0;
			knownRegions = (
				en,
				Base,
			);
			mainGroup = 3E622CE128803971006A921C;
			productRefGroup = 3E622CEB28803971006A921C /* Products */;
			projectDirPath = "";
			projectRoot = "";
			targets = (
				3E622CE928803971006A921C /* AMaDda */,
			);
		};
/* End PBXProject section */

/* Begin PBXResourcesBuildPhase section */
		3E622CE828803971006A921C /* Resources */ = {
			isa = PBXResourcesBuildPhase;
			buildActionMask = 2147483647;
			files = (
				3E622CFA28803972006A921C /* LaunchScreen.storyboard in Resources */,
				3E622CF728803972006A921C /* Assets.xcassets in Resources */,
				3E622CF528803971006A921C /* Main.storyboard in Resources */,
			);
			runOnlyForDeploymentPostprocessing = 0;
		};
/* End PBXResourcesBuildPhase section */

/* Begin PBXSourcesBuildPhase section */
		3E622CE628803971006A921C /* Sources */ = {
			isa = PBXSourcesBuildPhase;
			buildActionMask = 2147483647;
			files = (
				E6278AD928843F8E00DC0CB0 /* ProfileModalViewController.swift in Sources */,
				E6DCDBDB288652CF001D4F67 /* UIViewController+Extension.swift in Sources */,
				E6278ADD2884412D00DC0CB0 /* ProfileModalCell.swift in Sources */,
				D72A1E02288558990058EE12 /* UIImage+Extension.swift in Sources */,
				E6278AE52884FCF500DC0CB0 /* UIView+Extension.swift in Sources */,
				91FD28B22884F4B800F49D20 /* Color+Extension.swift in Sources */,
				D72A1E0028854C9C0058EE12 /* ImageLiteral.swift in Sources */,
				91FD28B82884F70A00F49D20 /* FontsPlaceHolder.swift in Sources */,
				3E15D66F2884FB8000570DD7 /* FamilyTableCell.swift in Sources */,
				3E622CEE28803971006A921C /* AppDelegate.swift in Sources */,
				3E98E8E5288652DF001153E4 /* NSObject+Extension.swift in Sources */,
				91FD28AA2884F3E500F49D20 /* TodayQuestionView.swift in Sources */,
				D7ADBBA72883D520004BB5FE /* CommonButton.swift in Sources */,
				3E622CF028803971006A921C /* SceneDelegate.swift in Sources */,
				91FD28AF2884F44100F49D20 /* TodayQuestionData.swift in Sources */,
				91FD28AD2884F43A00F49D20 /* TodayQuestionMockData.swift in Sources */,
				3E15D6712884FBC500570DD7 /* FamilyMemberData.swift in Sources */,
				91FD28B52884F55C00F49D20 /* Size.swift in Sources */,
				595E3B41288577D60036B677 /* OnboardingOneViewController.swift in Sources */,
				3E15D6732884FC1F00570DD7 /* FamilyMemberMockData.swift in Sources */,
				91FD28A82884F32700F49D20 /* MainViewController.swift in Sources */,
				D72A1DFE28854AA10058EE12 /* AddingViewController.swift in Sources */,
			);
			runOnlyForDeploymentPostprocessing = 0;
		};
/* End PBXSourcesBuildPhase section */

/* Begin PBXVariantGroup section */
		3E622CF328803971006A921C /* Main.storyboard */ = {
			isa = PBXVariantGroup;
			children = (
				3E622CF428803971006A921C /* Base */,
			);
			name = Main.storyboard;
			sourceTree = "<group>";
		};
		3E622CF828803972006A921C /* LaunchScreen.storyboard */ = {
			isa = PBXVariantGroup;
			children = (
				3E622CF928803972006A921C /* Base */,
			);
			name = LaunchScreen.storyboard;
			sourceTree = "<group>";
		};
/* End PBXVariantGroup section */

/* Begin XCBuildConfiguration section */
		3E622CFC28803972006A921C /* Debug */ = {
			isa = XCBuildConfiguration;
			buildSettings = {
				ALWAYS_SEARCH_USER_PATHS = NO;
				CLANG_ANALYZER_NONNULL = YES;
				CLANG_ANALYZER_NUMBER_OBJECT_CONVERSION = YES_AGGRESSIVE;
				CLANG_CXX_LANGUAGE_STANDARD = "gnu++17";
				CLANG_ENABLE_MODULES = YES;
				CLANG_ENABLE_OBJC_ARC = YES;
				CLANG_ENABLE_OBJC_WEAK = YES;
				CLANG_WARN_BLOCK_CAPTURE_AUTORELEASING = YES;
				CLANG_WARN_BOOL_CONVERSION = YES;
				CLANG_WARN_COMMA = YES;
				CLANG_WARN_CONSTANT_CONVERSION = YES;
				CLANG_WARN_DEPRECATED_OBJC_IMPLEMENTATIONS = YES;
				CLANG_WARN_DIRECT_OBJC_ISA_USAGE = YES_ERROR;
				CLANG_WARN_DOCUMENTATION_COMMENTS = YES;
				CLANG_WARN_EMPTY_BODY = YES;
				CLANG_WARN_ENUM_CONVERSION = YES;
				CLANG_WARN_INFINITE_RECURSION = YES;
				CLANG_WARN_INT_CONVERSION = YES;
				CLANG_WARN_NON_LITERAL_NULL_CONVERSION = YES;
				CLANG_WARN_OBJC_IMPLICIT_RETAIN_SELF = YES;
				CLANG_WARN_OBJC_LITERAL_CONVERSION = YES;
				CLANG_WARN_OBJC_ROOT_CLASS = YES_ERROR;
				CLANG_WARN_QUOTED_INCLUDE_IN_FRAMEWORK_HEADER = YES;
				CLANG_WARN_RANGE_LOOP_ANALYSIS = YES;
				CLANG_WARN_STRICT_PROTOTYPES = YES;
				CLANG_WARN_SUSPICIOUS_MOVE = YES;
				CLANG_WARN_UNGUARDED_AVAILABILITY = YES_AGGRESSIVE;
				CLANG_WARN_UNREACHABLE_CODE = YES;
				CLANG_WARN__DUPLICATE_METHOD_MATCH = YES;
				COPY_PHASE_STRIP = NO;
				DEBUG_INFORMATION_FORMAT = dwarf;
				ENABLE_STRICT_OBJC_MSGSEND = YES;
				ENABLE_TESTABILITY = YES;
				GCC_C_LANGUAGE_STANDARD = gnu11;
				GCC_DYNAMIC_NO_PIC = NO;
				GCC_NO_COMMON_BLOCKS = YES;
				GCC_OPTIMIZATION_LEVEL = 0;
				GCC_PREPROCESSOR_DEFINITIONS = (
					"DEBUG=1",
					"$(inherited)",
				);
				GCC_WARN_64_TO_32_BIT_CONVERSION = YES;
				GCC_WARN_ABOUT_RETURN_TYPE = YES_ERROR;
				GCC_WARN_UNDECLARED_SELECTOR = YES;
				GCC_WARN_UNINITIALIZED_AUTOS = YES_AGGRESSIVE;
				GCC_WARN_UNUSED_FUNCTION = YES;
				GCC_WARN_UNUSED_VARIABLE = YES;
				IPHONEOS_DEPLOYMENT_TARGET = 15.2;
				MTL_ENABLE_DEBUG_INFO = INCLUDE_SOURCE;
				MTL_FAST_MATH = YES;
				ONLY_ACTIVE_ARCH = YES;
				SDKROOT = iphoneos;
				SWIFT_ACTIVE_COMPILATION_CONDITIONS = DEBUG;
				SWIFT_OPTIMIZATION_LEVEL = "-Onone";
			};
			name = Debug;
		};
		3E622CFD28803972006A921C /* Release */ = {
			isa = XCBuildConfiguration;
			buildSettings = {
				ALWAYS_SEARCH_USER_PATHS = NO;
				CLANG_ANALYZER_NONNULL = YES;
				CLANG_ANALYZER_NUMBER_OBJECT_CONVERSION = YES_AGGRESSIVE;
				CLANG_CXX_LANGUAGE_STANDARD = "gnu++17";
				CLANG_ENABLE_MODULES = YES;
				CLANG_ENABLE_OBJC_ARC = YES;
				CLANG_ENABLE_OBJC_WEAK = YES;
				CLANG_WARN_BLOCK_CAPTURE_AUTORELEASING = YES;
				CLANG_WARN_BOOL_CONVERSION = YES;
				CLANG_WARN_COMMA = YES;
				CLANG_WARN_CONSTANT_CONVERSION = YES;
				CLANG_WARN_DEPRECATED_OBJC_IMPLEMENTATIONS = YES;
				CLANG_WARN_DIRECT_OBJC_ISA_USAGE = YES_ERROR;
				CLANG_WARN_DOCUMENTATION_COMMENTS = YES;
				CLANG_WARN_EMPTY_BODY = YES;
				CLANG_WARN_ENUM_CONVERSION = YES;
				CLANG_WARN_INFINITE_RECURSION = YES;
				CLANG_WARN_INT_CONVERSION = YES;
				CLANG_WARN_NON_LITERAL_NULL_CONVERSION = YES;
				CLANG_WARN_OBJC_IMPLICIT_RETAIN_SELF = YES;
				CLANG_WARN_OBJC_LITERAL_CONVERSION = YES;
				CLANG_WARN_OBJC_ROOT_CLASS = YES_ERROR;
				CLANG_WARN_QUOTED_INCLUDE_IN_FRAMEWORK_HEADER = YES;
				CLANG_WARN_RANGE_LOOP_ANALYSIS = YES;
				CLANG_WARN_STRICT_PROTOTYPES = YES;
				CLANG_WARN_SUSPICIOUS_MOVE = YES;
				CLANG_WARN_UNGUARDED_AVAILABILITY = YES_AGGRESSIVE;
				CLANG_WARN_UNREACHABLE_CODE = YES;
				CLANG_WARN__DUPLICATE_METHOD_MATCH = YES;
				COPY_PHASE_STRIP = NO;
				DEBUG_INFORMATION_FORMAT = "dwarf-with-dsym";
				ENABLE_NS_ASSERTIONS = NO;
				ENABLE_STRICT_OBJC_MSGSEND = YES;
				GCC_C_LANGUAGE_STANDARD = gnu11;
				GCC_NO_COMMON_BLOCKS = YES;
				GCC_WARN_64_TO_32_BIT_CONVERSION = YES;
				GCC_WARN_ABOUT_RETURN_TYPE = YES_ERROR;
				GCC_WARN_UNDECLARED_SELECTOR = YES;
				GCC_WARN_UNINITIALIZED_AUTOS = YES_AGGRESSIVE;
				GCC_WARN_UNUSED_FUNCTION = YES;
				GCC_WARN_UNUSED_VARIABLE = YES;
				IPHONEOS_DEPLOYMENT_TARGET = 15.2;
				MTL_ENABLE_DEBUG_INFO = NO;
				MTL_FAST_MATH = YES;
				SDKROOT = iphoneos;
				SWIFT_COMPILATION_MODE = wholemodule;
				SWIFT_OPTIMIZATION_LEVEL = "-O";
				VALIDATE_PRODUCT = YES;
			};
			name = Release;
		};
		3E622CFF28803972006A921C /* Debug */ = {
			isa = XCBuildConfiguration;
			buildSettings = {
				ASSETCATALOG_COMPILER_APPICON_NAME = AppIcon;
				ASSETCATALOG_COMPILER_GLOBAL_ACCENT_COLOR_NAME = AccentColor;
				CODE_SIGN_STYLE = Automatic;
				CURRENT_PROJECT_VERSION = 1;
				DEVELOPMENT_TEAM = S9G6YGQ76H;
				GENERATE_INFOPLIST_FILE = YES;
				INFOPLIST_FILE = AMaDda/Global/Supports/info.plist;
				INFOPLIST_KEY_UIApplicationSupportsIndirectInputEvents = YES;
				INFOPLIST_KEY_UILaunchStoryboardName = LaunchScreen;
				INFOPLIST_KEY_UIMainStoryboardFile = Main;
				INFOPLIST_KEY_UISupportedInterfaceOrientations_iPad = "UIInterfaceOrientationPortrait UIInterfaceOrientationPortraitUpsideDown UIInterfaceOrientationLandscapeLeft UIInterfaceOrientationLandscapeRight";
				INFOPLIST_KEY_UISupportedInterfaceOrientations_iPhone = "UIInterfaceOrientationPortrait UIInterfaceOrientationLandscapeLeft UIInterfaceOrientationLandscapeRight";
				LD_RUNPATH_SEARCH_PATHS = (
					"$(inherited)",
					"@executable_path/Frameworks",
				);
				MARKETING_VERSION = 1.0;
				PRODUCT_BUNDLE_IDENTIFIER = "com-id.AMaDda";
				PRODUCT_NAME = "$(TARGET_NAME)";
				SWIFT_EMIT_LOC_STRINGS = YES;
				SWIFT_VERSION = 5.0;
				TARGETED_DEVICE_FAMILY = "1,2";
			};
			name = Debug;
		};
		3E622D0028803972006A921C /* Release */ = {
			isa = XCBuildConfiguration;
			buildSettings = {
				ASSETCATALOG_COMPILER_APPICON_NAME = AppIcon;
				ASSETCATALOG_COMPILER_GLOBAL_ACCENT_COLOR_NAME = AccentColor;
				CODE_SIGN_STYLE = Automatic;
				CURRENT_PROJECT_VERSION = 1;
				DEVELOPMENT_TEAM = S9G6YGQ76H;
				GENERATE_INFOPLIST_FILE = YES;
				INFOPLIST_FILE = AMaDda/Global/Supports/info.plist;
				INFOPLIST_KEY_UIApplicationSupportsIndirectInputEvents = YES;
				INFOPLIST_KEY_UILaunchStoryboardName = LaunchScreen;
				INFOPLIST_KEY_UIMainStoryboardFile = Main;
				INFOPLIST_KEY_UISupportedInterfaceOrientations_iPad = "UIInterfaceOrientationPortrait UIInterfaceOrientationPortraitUpsideDown UIInterfaceOrientationLandscapeLeft UIInterfaceOrientationLandscapeRight";
				INFOPLIST_KEY_UISupportedInterfaceOrientations_iPhone = "UIInterfaceOrientationPortrait UIInterfaceOrientationLandscapeLeft UIInterfaceOrientationLandscapeRight";
				LD_RUNPATH_SEARCH_PATHS = (
					"$(inherited)",
					"@executable_path/Frameworks",
				);
				MARKETING_VERSION = 1.0;
				PRODUCT_BUNDLE_IDENTIFIER = "com-id.AMaDda";
				PRODUCT_NAME = "$(TARGET_NAME)";
				SWIFT_EMIT_LOC_STRINGS = YES;
				SWIFT_VERSION = 5.0;
				TARGETED_DEVICE_FAMILY = "1,2";
			};
			name = Release;
		};
/* End XCBuildConfiguration section */

/* Begin XCConfigurationList section */
		3E622CE528803971006A921C /* Build configuration list for PBXProject "AMaDda" */ = {
			isa = XCConfigurationList;
			buildConfigurations = (
				3E622CFC28803972006A921C /* Debug */,
				3E622CFD28803972006A921C /* Release */,
			);
			defaultConfigurationIsVisible = 0;
			defaultConfigurationName = Release;
		};
		3E622CFE28803972006A921C /* Build configuration list for PBXNativeTarget "AMaDda" */ = {
			isa = XCConfigurationList;
			buildConfigurations = (
				3E622CFF28803972006A921C /* Debug */,
				3E622D0028803972006A921C /* Release */,
			);
			defaultConfigurationIsVisible = 0;
			defaultConfigurationName = Release;
		};
/* End XCConfigurationList section */
	};
	rootObject = 3E622CE228803971006A921C /* Project object */;
}
